{
  "requires": true,
  "lockfileVersion": 1,
  "dependencies": {
    "multiple-select": {
      "version": "1.5.2",
      "resolved": "https://registry.npmjs.org/multiple-select/-/multiple-select-1.5.2.tgz",
      "integrity": "sha512-sTNNRrjnTtB1b1+HTKcjQ/mjWY7Gvigo9F3C/3oTQCTFEpYzwaRYFPRAOu2SogfA1hEfyJTXjyS1VAbanJMsmA=="
    }
  }
}
