
Microsoft Visual Studio Solution File, Format Version 12.00
# Visual Studio 15
Project("{FAE04EC0-301F-11D3-BF4B-00C04F79EFBC}") = "CS018_LINQ", "CS018_LINQ.csproj", "{EF0B65EA-D64D-4F51-89A8-A0014E167C1A}"
EndProject
Global
	GlobalSection(SolutionConfigurationPlatforms) = preSolution
		Debug|Any CPU = Debug|Any CPU
		Release|Any CPU = Release|Any CPU
	EndGlobalSection
	GlobalSection(ProjectConfigurationPlatforms) = postSolution
		{EF0B65EA-D64D-4F51-89A8-A0014E167C1A}.Debug|Any CPU.ActiveCfg = Debug|Any CPU
		{EF0B65EA-D64D-4F51-89A8-A0014E167C1A}.Debug|Any CPU.Build.0 = Debug|Any CPU
		{EF0B65EA-D64D-4F51-89A8-A0014E167C1A}.Release|Any CPU.ActiveCfg = Release|Any CPU
		{EF0B65EA-D64D-4F51-89A8-A0014E167C1A}.Release|Any CPU.Build.0 = Release|Any CPU
	EndGlobalSection
EndGlobal
